// !$*UTF8*$!
{
	archiveVersion = 1;
	classes = {
	};
	objectVersion = 51;
	objects = {

/* Begin PBXBuildFile section */
		3F0C3271C11EFA852F401F6E /* Pods_Example.framework in Frameworks */ = {isa = PBXBuildFile; fileRef = 78FB1AFEEE9BD761A4D48C9E /* Pods_Example.framework */; };
		7146ECF8242DF25900502AE6 /* Cartfile in Resources */ = {isa = PBXBuildFile; fileRef = 7146ECF7242DF25900502AE6 /* Cartfile */; };
		71A9A926242DEF2B001B2313 /* Ex+Row.swift in Sources */ = {isa = PBXBuildFile; fileRef = 71A9A925242DEF2B001B2313 /* Ex+Row.swift */; };
		71A9A928242DF0A3001B2313 /* XYBaseProtocol.swift in Sources */ = {isa = PBXBuildFile; fileRef = 71A9A927242DF0A3001B2313 /* XYBaseProtocol.swift */; };
		A56D991223029B8D00234FC5 /* Ex+Form.swift in Sources */ = {isa = PBXBuildFile; fileRef = A56D991123029B8D00234FC5 /* Ex+Form.swift */; };
		A56D99152302A25800234FC5 /* Ex+Condition.swift in Sources */ = {isa = PBXBuildFile; fileRef = A56D99142302A25800234FC5 /* Ex+Condition.swift */; };
		A5881CE122FBBA9E00A3A64F /* XYEureka.h in Headers */ = {isa = PBXBuildFile; fileRef = A5881CDF22FBBA9E00A3A64F /* XYEureka.h */; settings = {ATTRIBUTES = (Public, ); }; };
		A5881CFB22FBBF1300A3A64F /* XYFormViewController.swift in Sources */ = {isa = PBXBuildFile; fileRef = A5881CFA22FBBF1300A3A64F /* XYFormViewController.swift */; };
		A5881CFD22FBBF5500A3A64F /* XYFormInputAccessoryView.swift in Sources */ = {isa = PBXBuildFile; fileRef = A5881CFC22FBBF5500A3A64F /* XYFormInputAccessoryView.swift */; };
		A5881CFF22FBC00500A3A64F /* Ex+UIColor.swift in Sources */ = {isa = PBXBuildFile; fileRef = A5881CFE22FBC00500A3A64F /* Ex+UIColor.swift */; };
		A5881D0122FBC07400A3A64F /* Ex+Section.swift in Sources */ = {isa = PBXBuildFile; fileRef = A5881D0022FBC07400A3A64F /* Ex+Section.swift */; };
		A5881D0522FBC16700A3A64F /* XYEurekaConstant.swift in Sources */ = {isa = PBXBuildFile; fileRef = A5881D0422FBC16700A3A64F /* XYEurekaConstant.swift */; };
		A5881D0C22FBCBE400A3A64F /* Ex+String.swift in Sources */ = {isa = PBXBuildFile; fileRef = A5881D0B22FBCBE400A3A64F /* Ex+String.swift */; };
		A5881D0E22FBEA0700A3A64F /* XYBaseRow.swift in Sources */ = {isa = PBXBuildFile; fileRef = A5881D0D22FBEA0700A3A64F /* XYBaseRow.swift */; };
		A5881D1022FBEA2300A3A64F /* XYFieldCell.swift in Sources */ = {isa = PBXBuildFile; fileRef = A5881D0F22FBEA2300A3A64F /* XYFieldCell.swift */; };
		A5881D1422FBF04C00A3A64F /* XYFieldsRow.swift in Sources */ = {isa = PBXBuildFile; fileRef = A5881D1322FBF04C00A3A64F /* XYFieldsRow.swift */; };
		A5881D1622FBF09A00A3A64F /* XYPickerRow.swift in Sources */ = {isa = PBXBuildFile; fileRef = A5881D1522FBF09A00A3A64F /* XYPickerRow.swift */; };
		A5881D1822FBF0B000A3A64F /* XYPickerRowType.swift in Sources */ = {isa = PBXBuildFile; fileRef = A5881D1722FBF0B000A3A64F /* XYPickerRowType.swift */; };
		A5881D1A22FBF15600A3A64F /* XYDatePickerRow.swift in Sources */ = {isa = PBXBuildFile; fileRef = A5881D1922FBF15600A3A64F /* XYDatePickerRow.swift */; };
		A5CA236A231379F0003E4E57 /* AppDelegate.swift in Sources */ = {isa = PBXBuildFile; fileRef = A5CA2369231379F0003E4E57 /* AppDelegate.swift */; };
		A5CA236C231379F0003E4E57 /* ViewController.swift in Sources */ = {isa = PBXBuildFile; fileRef = A5CA236B231379F0003E4E57 /* ViewController.swift */; };
		A5CA236F231379F0003E4E57 /* Main.storyboard in Resources */ = {isa = PBXBuildFile; fileRef = A5CA236D231379F0003E4E57 /* Main.storyboard */; };
		A5CA2371231379F1003E4E57 /* Assets.xcassets in Resources */ = {isa = PBXBuildFile; fileRef = A5CA2370231379F1003E4E57 /* Assets.xcassets */; };
		A5CA2374231379F1003E4E57 /* LaunchScreen.storyboard in Resources */ = {isa = PBXBuildFile; fileRef = A5CA2372231379F1003E4E57 /* LaunchScreen.storyboard */; };
		A5CA237923137A07003E4E57 /* XYEureka.framework in Frameworks */ = {isa = PBXBuildFile; fileRef = A5881CDC22FBBA9E00A3A64F /* XYEureka.framework */; };
		A5CA237A23137A07003E4E57 /* XYEureka.framework in Embed Frameworks */ = {isa = PBXBuildFile; fileRef = A5881CDC22FBBA9E00A3A64F /* XYEureka.framework */; settings = {ATTRIBUTES = (CodeSignOnCopy, RemoveHeadersOnCopy, ); }; };
		A5CA238123137A3E003E4E57 /* TestViewController.swift in Sources */ = {isa = PBXBuildFile; fileRef = A5CA238023137A3E003E4E57 /* TestViewController.swift */; };
		A5DA09DB22FD11F9008B6C89 /* XYTextLimit.swift in Sources */ = {isa = PBXBuildFile; fileRef = A5DA09DA22FD11F9008B6C89 /* XYTextLimit.swift */; };
		A5F019732306814600EB8E5A /* Asset.xcassets in Resources */ = {isa = PBXBuildFile; fileRef = A5F019722306814600EB8E5A /* Asset.xcassets */; };
		D38500360DFE013B946EBF5E /* Pods_XYEureka.framework in Frameworks */ = {isa = PBXBuildFile; fileRef = 07D604694AEC06E02968511C /* Pods_XYEureka.framework */; };
/* End PBXBuildFile section */

/* Begin PBXContainerItemProxy section */
		A5CA237B23137A07003E4E57 /* PBXContainerItemProxy */ = {
			isa = PBXContainerItemProxy;
			containerPortal = A5881CD322FBBA9E00A3A64F /* Project object */;
			proxyType = 1;
			remoteGlobalIDString = A5881CDB22FBBA9E00A3A64F;
			remoteInfo = XYEureka;
		};
/* End PBXContainerItemProxy section */

/* Begin PBXCopyFilesBuildPhase section */
		A5CA237D23137A07003E4E57 /* Embed Frameworks */ = {
			isa = PBXCopyFilesBuildPhase;
			buildActionMask = 2147483647;
			dstPath = "";
			dstSubfolderSpec = 10;
			files = (
				A5CA237A23137A07003E4E57 /* XYEureka.framework in Embed Frameworks */,
			);
			name = "Embed Frameworks";
			runOnlyForDeploymentPostprocessing = 0;
		};
/* End PBXCopyFilesBuildPhase section */

/* Begin PBXFileReference section */
		07D604694AEC06E02968511C /* Pods_XYEureka.framework */ = {isa = PBXFileReference; explicitFileType = wrapper.framework; includeInIndex = 0; path = Pods_XYEureka.framework; sourceTree = BUILT_PRODUCTS_DIR; };
		30DCACD47A588A1231897762 /* Pods-Example.release.xcconfig */ = {isa = PBXFileReference; includeInIndex = 1; lastKnownFileType = text.xcconfig; name = "Pods-Example.release.xcconfig"; path = "Target Support Files/Pods-Example/Pods-Example.release.xcconfig"; sourceTree = "<group>"; };
		7146ECF7242DF25900502AE6 /* Cartfile */ = {isa = PBXFileReference; fileEncoding = 4; lastKnownFileType = text; path = Cartfile; sourceTree = "<group>"; };
		71A9A925242DEF2B001B2313 /* Ex+Row.swift */ = {isa = PBXFileReference; lastKnownFileType = sourcecode.swift; path = "Ex+Row.swift"; sourceTree = "<group>"; };
		71A9A927242DF0A3001B2313 /* XYBaseProtocol.swift */ = {isa = PBXFileReference; lastKnownFileType = sourcecode.swift; path = XYBaseProtocol.swift; sourceTree = "<group>"; };
		78FB1AFEEE9BD761A4D48C9E /* Pods_Example.framework */ = {isa = PBXFileReference; explicitFileType = wrapper.framework; includeInIndex = 0; path = Pods_Example.framework; sourceTree = BUILT_PRODUCTS_DIR; };
		84CD5B9BAAB4560C220760D6 /* Pods-Example.debug.xcconfig */ = {isa = PBXFileReference; includeInIndex = 1; lastKnownFileType = text.xcconfig; name = "Pods-Example.debug.xcconfig"; path = "Target Support Files/Pods-Example/Pods-Example.debug.xcconfig"; sourceTree = "<group>"; };
		A521BE74237259180042F919 /* XYEureka.podspec */ = {isa = PBXFileReference; lastKnownFileType = text; path = XYEureka.podspec; sourceTree = "<group>"; xcLanguageSpecificationIdentifier = xcode.lang.ruby; };
		A56D991123029B8D00234FC5 /* Ex+Form.swift */ = {isa = PBXFileReference; lastKnownFileType = sourcecode.swift; path = "Ex+Form.swift"; sourceTree = "<group>"; };
		A56D99142302A25800234FC5 /* Ex+Condition.swift */ = {isa = PBXFileReference; lastKnownFileType = sourcecode.swift; path = "Ex+Condition.swift"; sourceTree = "<group>"; };
		A5881CDC22FBBA9E00A3A64F /* XYEureka.framework */ = {isa = PBXFileReference; explicitFileType = wrapper.framework; includeInIndex = 0; path = XYEureka.framework; sourceTree = BUILT_PRODUCTS_DIR; };
		A5881CDF22FBBA9E00A3A64F /* XYEureka.h */ = {isa = PBXFileReference; lastKnownFileType = sourcecode.c.h; path = XYEureka.h; sourceTree = "<group>"; };
		A5881CE022FBBA9E00A3A64F /* Info.plist */ = {isa = PBXFileReference; lastKnownFileType = text.plist.xml; path = Info.plist; sourceTree = "<group>"; };
		A5881CF822FBBEF000A3A64F /* Eureka.framework */ = {isa = PBXFileReference; lastKnownFileType = wrapper.framework; name = Eureka.framework; path = Carthage/Build/iOS/Eureka.framework; sourceTree = "<group>"; };
		A5881CFA22FBBF1300A3A64F /* XYFormViewController.swift */ = {isa = PBXFileReference; lastKnownFileType = sourcecode.swift; path = XYFormViewController.swift; sourceTree = "<group>"; };
		A5881CFC22FBBF5500A3A64F /* XYFormInputAccessoryView.swift */ = {isa = PBXFileReference; lastKnownFileType = sourcecode.swift; path = XYFormInputAccessoryView.swift; sourceTree = "<group>"; };
		A5881CFE22FBC00500A3A64F /* Ex+UIColor.swift */ = {isa = PBXFileReference; lastKnownFileType = sourcecode.swift; path = "Ex+UIColor.swift"; sourceTree = "<group>"; };
		A5881D0022FBC07400A3A64F /* Ex+Section.swift */ = {isa = PBXFileReference; lastKnownFileType = sourcecode.swift; path = "Ex+Section.swift"; sourceTree = "<group>"; };
		A5881D0422FBC16700A3A64F /* XYEurekaConstant.swift */ = {isa = PBXFileReference; lastKnownFileType = sourcecode.swift; path = XYEurekaConstant.swift; sourceTree = "<group>"; };
		A5881D0622FBC79F00A3A64F /* SnapKit.framework */ = {isa = PBXFileReference; lastKnownFileType = wrapper.framework; name = SnapKit.framework; path = Carthage/Build/iOS/SnapKit.framework; sourceTree = "<group>"; };
		A5881D0B22FBCBE400A3A64F /* Ex+String.swift */ = {isa = PBXFileReference; lastKnownFileType = sourcecode.swift; path = "Ex+String.swift"; sourceTree = "<group>"; };
		A5881D0D22FBEA0700A3A64F /* XYBaseRow.swift */ = {isa = PBXFileReference; lastKnownFileType = sourcecode.swift; path = XYBaseRow.swift; sourceTree = "<group>"; };
		A5881D0F22FBEA2300A3A64F /* XYFieldCell.swift */ = {isa = PBXFileReference; lastKnownFileType = sourcecode.swift; path = XYFieldCell.swift; sourceTree = "<group>"; };
		A5881D1322FBF04C00A3A64F /* XYFieldsRow.swift */ = {isa = PBXFileReference; lastKnownFileType = sourcecode.swift; path = XYFieldsRow.swift; sourceTree = "<group>"; };
		A5881D1522FBF09A00A3A64F /* XYPickerRow.swift */ = {isa = PBXFileReference; lastKnownFileType = sourcecode.swift; path = XYPickerRow.swift; sourceTree = "<group>"; };
		A5881D1722FBF0B000A3A64F /* XYPickerRowType.swift */ = {isa = PBXFileReference; lastKnownFileType = sourcecode.swift; path = XYPickerRowType.swift; sourceTree = "<group>"; };
		A5881D1922FBF15600A3A64F /* XYDatePickerRow.swift */ = {isa = PBXFileReference; lastKnownFileType = sourcecode.swift; path = XYDatePickerRow.swift; sourceTree = "<group>"; };
		A5CA2367231379F0003E4E57 /* Example.app */ = {isa = PBXFileReference; explicitFileType = wrapper.application; includeInIndex = 0; path = Example.app; sourceTree = BUILT_PRODUCTS_DIR; };
		A5CA2369231379F0003E4E57 /* AppDelegate.swift */ = {isa = PBXFileReference; lastKnownFileType = sourcecode.swift; path = AppDelegate.swift; sourceTree = "<group>"; };
		A5CA236B231379F0003E4E57 /* ViewController.swift */ = {isa = PBXFileReference; lastKnownFileType = sourcecode.swift; path = ViewController.swift; sourceTree = "<group>"; };
		A5CA236E231379F0003E4E57 /* Base */ = {isa = PBXFileReference; lastKnownFileType = file.storyboard; name = Base; path = Base.lproj/Main.storyboard; sourceTree = "<group>"; };
		A5CA2370231379F1003E4E57 /* Assets.xcassets */ = {isa = PBXFileReference; lastKnownFileType = folder.assetcatalog; path = Assets.xcassets; sourceTree = "<group>"; };
		A5CA2373231379F1003E4E57 /* Base */ = {isa = PBXFileReference; lastKnownFileType = file.storyboard; name = Base; path = Base.lproj/LaunchScreen.storyboard; sourceTree = "<group>"; };
		A5CA2375231379F1003E4E57 /* Info.plist */ = {isa = PBXFileReference; lastKnownFileType = text.plist.xml; path = Info.plist; sourceTree = "<group>"; };
		A5CA238023137A3E003E4E57 /* TestViewController.swift */ = {isa = PBXFileReference; lastKnownFileType = sourcecode.swift; path = TestViewController.swift; sourceTree = "<group>"; };
		A5DA09DA22FD11F9008B6C89 /* XYTextLimit.swift */ = {isa = PBXFileReference; lastKnownFileType = sourcecode.swift; path = XYTextLimit.swift; sourceTree = "<group>"; };
		A5F019722306814600EB8E5A /* Asset.xcassets */ = {isa = PBXFileReference; lastKnownFileType = folder.assetcatalog; path = Asset.xcassets; sourceTree = "<group>"; };
		BA973E57E96FD0D4A7F42943 /* Pods-XYEureka.release.xcconfig */ = {isa = PBXFileReference; includeInIndex = 1; lastKnownFileType = text.xcconfig; name = "Pods-XYEureka.release.xcconfig"; path = "Target Support Files/Pods-XYEureka/Pods-XYEureka.release.xcconfig"; sourceTree = "<group>"; };
		D35AFE1170AD5189C75E5AC4 /* Pods-XYEureka.debug.xcconfig */ = {isa = PBXFileReference; includeInIndex = 1; lastKnownFileType = text.xcconfig; name = "Pods-XYEureka.debug.xcconfig"; path = "Target Support Files/Pods-XYEureka/Pods-XYEureka.debug.xcconfig"; sourceTree = "<group>"; };
/* End PBXFileReference section */

/* Begin PBXFrameworksBuildPhase section */
		A5881CD922FBBA9E00A3A64F /* Frameworks */ = {
			isa = PBXFrameworksBuildPhase;
			buildActionMask = 2147483647;
			files = (
				D38500360DFE013B946EBF5E /* Pods_XYEureka.framework in Frameworks */,
			);
			runOnlyForDeploymentPostprocessing = 0;
		};
		A5CA2364231379F0003E4E57 /* Frameworks */ = {
			isa = PBXFrameworksBuildPhase;
			buildActionMask = 2147483647;
			files = (
				A5CA237923137A07003E4E57 /* XYEureka.framework in Frameworks */,
				3F0C3271C11EFA852F401F6E /* Pods_Example.framework in Frameworks */,
			);
			runOnlyForDeploymentPostprocessing = 0;
		};
/* End PBXFrameworksBuildPhase section */

/* Begin PBXGroup section */
		3936A7424A6DEA98D67A5209 /* Pods */ = {
			isa = PBXGroup;
			children = (
				84CD5B9BAAB4560C220760D6 /* Pods-Example.debug.xcconfig */,
				30DCACD47A588A1231897762 /* Pods-Example.release.xcconfig */,
				D35AFE1170AD5189C75E5AC4 /* Pods-XYEureka.debug.xcconfig */,
				BA973E57E96FD0D4A7F42943 /* Pods-XYEureka.release.xcconfig */,
			);
			path = Pods;
			sourceTree = "<group>";
		};
		A5881CD222FBBA9E00A3A64F = {
			isa = PBXGroup;
			children = (
				7146ECF7242DF25900502AE6 /* Cartfile */,
				A521BE74237259180042F919 /* XYEureka.podspec */,
				A5881CDE22FBBA9E00A3A64F /* Sources */,
				A5CA2368231379F0003E4E57 /* Example */,
				A5881CDD22FBBA9E00A3A64F /* Products */,
				A5881CF722FBBEF000A3A64F /* Frameworks */,
				3936A7424A6DEA98D67A5209 /* Pods */,
			);
			sourceTree = "<group>";
		};
		A5881CDD22FBBA9E00A3A64F /* Products */ = {
			isa = PBXGroup;
			children = (
				A5881CDC22FBBA9E00A3A64F /* XYEureka.framework */,
				A5CA2367231379F0003E4E57 /* Example.app */,
			);
			name = Products;
			sourceTree = "<group>";
		};
		A5881CDE22FBBA9E00A3A64F /* Sources */ = {
			isa = PBXGroup;
			children = (
				A5881CDF22FBBA9E00A3A64F /* XYEureka.h */,
				A5881CE022FBBA9E00A3A64F /* Info.plist */,
				A5881CF222FBBD8900A3A64F /* Core */,
			);
			path = Sources;
			sourceTree = "<group>";
		};
		A5881CF222FBBD8900A3A64F /* Core */ = {
			isa = PBXGroup;
			children = (
				A5881D0422FBC16700A3A64F /* XYEurekaConstant.swift */,
				A5881CF622FBBE1900A3A64F /* Base */,
				A5881CF522FBBDCE00A3A64F /* Row */,
				A5881CF422FBBDC800A3A64F /* Protocol */,
				A5881CF322FBBDC400A3A64F /* Extension */,
				A5F019712306812E00EB8E5A /* Resource */,
			);
			path = Core;
			sourceTree = "<group>";
		};
		A5881CF322FBBDC400A3A64F /* Extension */ = {
			isa = PBXGroup;
			children = (
				A56D991123029B8D00234FC5 /* Ex+Form.swift */,
				71A9A925242DEF2B001B2313 /* Ex+Row.swift */,
				A5881D0022FBC07400A3A64F /* Ex+Section.swift */,
				A56D99142302A25800234FC5 /* Ex+Condition.swift */,
				A5881CFE22FBC00500A3A64F /* Ex+UIColor.swift */,
				A5881D0B22FBCBE400A3A64F /* Ex+String.swift */,
			);
			path = Extension;
			sourceTree = "<group>";
		};
		A5881CF422FBBDC800A3A64F /* Protocol */ = {
			isa = PBXGroup;
			children = (
				71A9A927242DF0A3001B2313 /* XYBaseProtocol.swift */,
				A5881D1722FBF0B000A3A64F /* XYPickerRowType.swift */,
				A5DA09DA22FD11F9008B6C89 /* XYTextLimit.swift */,
			);
			path = Protocol;
			sourceTree = "<group>";
		};
		A5881CF522FBBDCE00A3A64F /* Row */ = {
			isa = PBXGroup;
			children = (
				A5881D0D22FBEA0700A3A64F /* XYBaseRow.swift */,
				A5881D0F22FBEA2300A3A64F /* XYFieldCell.swift */,
				A5881D1322FBF04C00A3A64F /* XYFieldsRow.swift */,
				A5881D1522FBF09A00A3A64F /* XYPickerRow.swift */,
				A5881D1922FBF15600A3A64F /* XYDatePickerRow.swift */,
			);
			path = Row;
			sourceTree = "<group>";
		};
		A5881CF622FBBE1900A3A64F /* Base */ = {
			isa = PBXGroup;
			children = (
				A5881CFA22FBBF1300A3A64F /* XYFormViewController.swift */,
				A5881CFC22FBBF5500A3A64F /* XYFormInputAccessoryView.swift */,
			);
			path = Base;
			sourceTree = "<group>";
		};
		A5881CF722FBBEF000A3A64F /* Frameworks */ = {
			isa = PBXGroup;
			children = (
				A5881D0622FBC79F00A3A64F /* SnapKit.framework */,
				A5881CF822FBBEF000A3A64F /* Eureka.framework */,
				78FB1AFEEE9BD761A4D48C9E /* Pods_Example.framework */,
				07D604694AEC06E02968511C /* Pods_XYEureka.framework */,
			);
			name = Frameworks;
			sourceTree = "<group>";
		};
		A5CA2368231379F0003E4E57 /* Example */ = {
			isa = PBXGroup;
			children = (
				A5CA2369231379F0003E4E57 /* AppDelegate.swift */,
				A5CA236B231379F0003E4E57 /* ViewController.swift */,
				A5CA238023137A3E003E4E57 /* TestViewController.swift */,
				A5CA236D231379F0003E4E57 /* Main.storyboard */,
				A5CA2370231379F1003E4E57 /* Assets.xcassets */,
				A5CA2372231379F1003E4E57 /* LaunchScreen.storyboard */,
				A5CA2375231379F1003E4E57 /* Info.plist */,
			);
			path = Example;
			sourceTree = "<group>";
		};
		A5F019712306812E00EB8E5A /* Resource */ = {
			isa = PBXGroup;
			children = (
				A5F019722306814600EB8E5A /* Asset.xcassets */,
			);
			path = Resource;
			sourceTree = "<group>";
		};
/* End PBXGroup section */

/* Begin PBXHeadersBuildPhase section */
		A5881CD722FBBA9E00A3A64F /* Headers */ = {
			isa = PBXHeadersBuildPhase;
			buildActionMask = 2147483647;
			files = (
				A5881CE122FBBA9E00A3A64F /* XYEureka.h in Headers */,
			);
			runOnlyForDeploymentPostprocessing = 0;
		};
/* End PBXHeadersBuildPhase section */

/* Begin PBXNativeTarget section */
		A5881CDB22FBBA9E00A3A64F /* XYEureka */ = {
			isa = PBXNativeTarget;
			buildConfigurationList = A5881CE422FBBA9E00A3A64F /* Build configuration list for PBXNativeTarget "XYEureka" */;
			buildPhases = (
				C12084BA0FA4F2C0A75E7A4B /* [CP] Check Pods Manifest.lock */,
				A5881CD722FBBA9E00A3A64F /* Headers */,
				A5881CD822FBBA9E00A3A64F /* Sources */,
				A5881CD922FBBA9E00A3A64F /* Frameworks */,
				A5881CDA22FBBA9E00A3A64F /* Resources */,
			);
			buildRules = (
			);
			dependencies = (
			);
			name = XYEureka;
			productName = XYEureka;
			productReference = A5881CDC22FBBA9E00A3A64F /* XYEureka.framework */;
			productType = "com.apple.product-type.framework";
		};
		A5CA2366231379F0003E4E57 /* Example */ = {
			isa = PBXNativeTarget;
			buildConfigurationList = A5CA2378231379F1003E4E57 /* Build configuration list for PBXNativeTarget "Example" */;
			buildPhases = (
				86769E5B586627EEE7C6DD19 /* [CP] Check Pods Manifest.lock */,
				A5CA2363231379F0003E4E57 /* Sources */,
				A5CA2364231379F0003E4E57 /* Frameworks */,
				A5CA2365231379F0003E4E57 /* Resources */,
				3702DAD5574D97E41AB34EDC /* [CP] Embed Pods Frameworks */,
				A5CA237D23137A07003E4E57 /* Embed Frameworks */,
			);
			buildRules = (
			);
			dependencies = (
				A5CA237C23137A07003E4E57 /* PBXTargetDependency */,
			);
			name = Example;
			productName = Example;
			productReference = A5CA2367231379F0003E4E57 /* Example.app */;
			productType = "com.apple.product-type.application";
		};
/* End PBXNativeTarget section */

/* Begin PBXProject section */
		A5881CD322FBBA9E00A3A64F /* Project object */ = {
			isa = PBXProject;
			attributes = {
				LastSwiftUpdateCheck = 1030;
				LastUpgradeCheck = 1030;
				ORGANIZATIONNAME = RayJiang;
				TargetAttributes = {
					A5881CDB22FBBA9E00A3A64F = {
						CreatedOnToolsVersion = 10.3;
						LastSwiftMigration = 1030;
					};
					A5CA2366231379F0003E4E57 = {
						CreatedOnToolsVersion = 10.3;
					};
				};
			};
			buildConfigurationList = A5881CD622FBBA9E00A3A64F /* Build configuration list for PBXProject "XYEureka" */;
			compatibilityVersion = "Xcode 9.3";
			developmentRegion = en;
			hasScannedForEncodings = 0;
			knownRegions = (
				en,
				Base,
			);
			mainGroup = A5881CD222FBBA9E00A3A64F;
			productRefGroup = A5881CDD22FBBA9E00A3A64F /* Products */;
			projectDirPath = "";
			projectRoot = "";
			targets = (
				A5881CDB22FBBA9E00A3A64F /* XYEureka */,
				A5CA2366231379F0003E4E57 /* Example */,
			);
		};
/* End PBXProject section */

/* Begin PBXResourcesBuildPhase section */
		A5881CDA22FBBA9E00A3A64F /* Resources */ = {
			isa = PBXResourcesBuildPhase;
			buildActionMask = 2147483647;
			files = (
				7146ECF8242DF25900502AE6 /* Cartfile in Resources */,
				A5F019732306814600EB8E5A /* Asset.xcassets in Resources */,
			);
			runOnlyForDeploymentPostprocessing = 0;
		};
		A5CA2365231379F0003E4E57 /* Resources */ = {
			isa = PBXResourcesBuildPhase;
			buildActionMask = 2147483647;
			files = (
				A5CA2374231379F1003E4E57 /* LaunchScreen.storyboard in Resources */,
				A5CA2371231379F1003E4E57 /* Assets.xcassets in Resources */,
				A5CA236F231379F0003E4E57 /* Main.storyboard in Resources */,
			);
			runOnlyForDeploymentPostprocessing = 0;
		};
/* End PBXResourcesBuildPhase section */

/* Begin PBXShellScriptBuildPhase section */
		3702DAD5574D97E41AB34EDC /* [CP] Embed Pods Frameworks */ = {
			isa = PBXShellScriptBuildPhase;
			buildActionMask = 2147483647;
			files = (
			);
			inputFileListPaths = (
				"${PODS_ROOT}/Target Support Files/Pods-Example/Pods-Example-frameworks-${CONFIGURATION}-input-files.xcfilelist",
			);
			name = "[CP] Embed Pods Frameworks";
			outputFileListPaths = (
				"${PODS_ROOT}/Target Support Files/Pods-Example/Pods-Example-frameworks-${CONFIGURATION}-output-files.xcfilelist",
			);
			runOnlyForDeploymentPostprocessing = 0;
			shellPath = /bin/sh;
			shellScript = "\"${PODS_ROOT}/Target Support Files/Pods-Example/Pods-Example-frameworks.sh\"\n";
			showEnvVarsInLog = 0;
		};
		86769E5B586627EEE7C6DD19 /* [CP] Check Pods Manifest.lock */ = {
			isa = PBXShellScriptBuildPhase;
			buildActionMask = 2147483647;
			files = (
			);
			inputFileListPaths = (
			);
			inputPaths = (
				"${PODS_PODFILE_DIR_PATH}/Podfile.lock",
				"${PODS_ROOT}/Manifest.lock",
			);
			name = "[CP] Check Pods Manifest.lock";
			outputFileListPaths = (
			);
			outputPaths = (
				"$(DERIVED_FILE_DIR)/Pods-Example-checkManifestLockResult.txt",
			);
			runOnlyForDeploymentPostprocessing = 0;
			shellPath = /bin/sh;
			shellScript = "diff \"${PODS_PODFILE_DIR_PATH}/Podfile.lock\" \"${PODS_ROOT}/Manifest.lock\" > /dev/null\nif [ $? != 0 ] ; then\n    # print error to STDERR\n    echo \"error: The sandbox is not in sync with the Podfile.lock. Run 'pod install' or update your CocoaPods installation.\" >&2\n    exit 1\nfi\n# This output is used by Xcode 'outputs' to avoid re-running this script phase.\necho \"SUCCESS\" > \"${SCRIPT_OUTPUT_FILE_0}\"\n";
			showEnvVarsInLog = 0;
		};
		C12084BA0FA4F2C0A75E7A4B /* [CP] Check Pods Manifest.lock */ = {
			isa = PBXShellScriptBuildPhase;
			buildActionMask = 2147483647;
			files = (
			);
			inputFileListPaths = (
			);
			inputPaths = (
				"${PODS_PODFILE_DIR_PATH}/Podfile.lock",
				"${PODS_ROOT}/Manifest.lock",
			);
			name = "[CP] Check Pods Manifest.lock";
			outputFileListPaths = (
			);
			outputPaths = (
				"$(DERIVED_FILE_DIR)/Pods-XYEureka-checkManifestLockResult.txt",
			);
			runOnlyForDeploymentPostprocessing = 0;
			shellPath = /bin/sh;
			shellScript = "diff \"${PODS_PODFILE_DIR_PATH}/Podfile.lock\" \"${PODS_ROOT}/Manifest.lock\" > /dev/null\nif [ $? != 0 ] ; then\n    # print error to STDERR\n    echo \"error: The sandbox is not in sync with the Podfile.lock. Run 'pod install' or update your CocoaPods installation.\" >&2\n    exit 1\nfi\n# This output is used by Xcode 'outputs' to avoid re-running this script phase.\necho \"SUCCESS\" > \"${SCRIPT_OUTPUT_FILE_0}\"\n";
			showEnvVarsInLog = 0;
		};
/* End PBXShellScriptBuildPhase section */

/* Begin PBXSourcesBuildPhase section */
		A5881CD822FBBA9E00A3A64F /* Sources */ = {
			isa = PBXSourcesBuildPhase;
			buildActionMask = 2147483647;
			files = (
				A5881D1422FBF04C00A3A64F /* XYFieldsRow.swift in Sources */,
				A5881D0122FBC07400A3A64F /* Ex+Section.swift in Sources */,
				A5DA09DB22FD11F9008B6C89 /* XYTextLimit.swift in Sources */,
				A5881D0C22FBCBE400A3A64F /* Ex+String.swift in Sources */,
				A5881CFB22FBBF1300A3A64F /* XYFormViewController.swift in Sources */,
				A5881D0522FBC16700A3A64F /* XYEurekaConstant.swift in Sources */,
				A5881D1A22FBF15600A3A64F /* XYDatePickerRow.swift in Sources */,
				A5881D1622FBF09A00A3A64F /* XYPickerRow.swift in Sources */,
				A56D99152302A25800234FC5 /* Ex+Condition.swift in Sources */,
				A5881D1822FBF0B000A3A64F /* XYPickerRowType.swift in Sources */,
				A5881D0E22FBEA0700A3A64F /* XYBaseRow.swift in Sources */,
				A56D991223029B8D00234FC5 /* Ex+Form.swift in Sources */,
				A5881CFD22FBBF5500A3A64F /* XYFormInputAccessoryView.swift in Sources */,
				A5881CFF22FBC00500A3A64F /* Ex+UIColor.swift in Sources */,
				71A9A928242DF0A3001B2313 /* XYBaseProtocol.swift in Sources */,
				A5881D1022FBEA2300A3A64F /* XYFieldCell.swift in Sources */,
				71A9A926242DEF2B001B2313 /* Ex+Row.swift in Sources */,
			);
			runOnlyForDeploymentPostprocessing = 0;
		};
		A5CA2363231379F0003E4E57 /* Sources */ = {
			isa = PBXSourcesBuildPhase;
			buildActionMask = 2147483647;
			files = (
				A5CA236C231379F0003E4E57 /* ViewController.swift in Sources */,
				A5CA238123137A3E003E4E57 /* TestViewController.swift in Sources */,
				A5CA236A231379F0003E4E57 /* AppDelegate.swift in Sources */,
			);
			runOnlyForDeploymentPostprocessing = 0;
		};
/* End PBXSourcesBuildPhase section */

/* Begin PBXTargetDependency section */
		A5CA237C23137A07003E4E57 /* PBXTargetDependency */ = {
			isa = PBXTargetDependency;
			target = A5881CDB22FBBA9E00A3A64F /* XYEureka */;
			targetProxy = A5CA237B23137A07003E4E57 /* PBXContainerItemProxy */;
		};
/* End PBXTargetDependency section */

/* Begin PBXVariantGroup section */
		A5CA236D231379F0003E4E57 /* Main.storyboard */ = {
			isa = PBXVariantGroup;
			children = (
				A5CA236E231379F0003E4E57 /* Base */,
			);
			name = Main.storyboard;
			sourceTree = "<group>";
		};
		A5CA2372231379F1003E4E57 /* LaunchScreen.storyboard */ = {
			isa = PBXVariantGroup;
			children = (
				A5CA2373231379F1003E4E57 /* Base */,
			);
			name = LaunchScreen.storyboard;
			sourceTree = "<group>";
		};
/* End PBXVariantGroup section */

/* Begin XCBuildConfiguration section */
		A5881CE222FBBA9E00A3A64F /* Debug */ = {
			isa = XCBuildConfiguration;
			buildSettings = {
				ALWAYS_SEARCH_USER_PATHS = NO;
				CLANG_ANALYZER_NONNULL = YES;
				CLANG_ANALYZER_NUMBER_OBJECT_CONVERSION = YES_AGGRESSIVE;
				CLANG_CXX_LANGUAGE_STANDARD = "gnu++14";
				CLANG_CXX_LIBRARY = "libc++";
				CLANG_ENABLE_MODULES = YES;
				CLANG_ENABLE_OBJC_ARC = YES;
				CLANG_ENABLE_OBJC_WEAK = YES;
				CLANG_WARN_BLOCK_CAPTURE_AUTORELEASING = YES;
				CLANG_WARN_BOOL_CONVERSION = YES;
				CLANG_WARN_COMMA = YES;
				CLANG_WARN_CONSTANT_CONVERSION = YES;
				CLANG_WARN_DEPRECATED_OBJC_IMPLEMENTATIONS = YES;
				CLANG_WARN_DIRECT_OBJC_ISA_USAGE = YES_ERROR;
				CLANG_WARN_DOCUMENTATION_COMMENTS = YES;
				CLANG_WARN_EMPTY_BODY = YES;
				CLANG_WARN_ENUM_CONVERSION = YES;
				CLANG_WARN_INFINITE_RECURSION = YES;
				CLANG_WARN_INT_CONVERSION = YES;
				CLANG_WARN_NON_LITERAL_NULL_CONVERSION = YES;
				CLANG_WARN_OBJC_IMPLICIT_RETAIN_SELF = YES;
				CLANG_WARN_OBJC_LITERAL_CONVERSION = YES;
				CLANG_WARN_OBJC_ROOT_CLASS = YES_ERROR;
				CLANG_WARN_RANGE_LOOP_ANALYSIS = YES;
				CLANG_WARN_STRICT_PROTOTYPES = YES;
				CLANG_WARN_SUSPICIOUS_MOVE = YES;
				CLANG_WARN_UNGUARDED_AVAILABILITY = YES_AGGRESSIVE;
				CLANG_WARN_UNREACHABLE_CODE = YES;
				CLANG_WARN__DUPLICATE_METHOD_MATCH = YES;
				CODE_SIGN_IDENTITY = "iPhone Developer";
				COPY_PHASE_STRIP = NO;
				CURRENT_PROJECT_VERSION = 1;
				DEBUG_INFORMATION_FORMAT = dwarf;
				ENABLE_STRICT_OBJC_MSGSEND = YES;
				ENABLE_TESTABILITY = YES;
				GCC_C_LANGUAGE_STANDARD = gnu11;
				GCC_DYNAMIC_NO_PIC = NO;
				GCC_NO_COMMON_BLOCKS = YES;
				GCC_OPTIMIZATION_LEVEL = 0;
				GCC_PREPROCESSOR_DEFINITIONS = (
					"DEBUG=1",
					"$(inherited)",
				);
				GCC_WARN_64_TO_32_BIT_CONVERSION = YES;
				GCC_WARN_ABOUT_RETURN_TYPE = YES_ERROR;
				GCC_WARN_UNDECLARED_SELECTOR = YES;
				GCC_WARN_UNINITIALIZED_AUTOS = YES_AGGRESSIVE;
				GCC_WARN_UNUSED_FUNCTION = YES;
				GCC_WARN_UNUSED_VARIABLE = YES;
				IPHONEOS_DEPLOYMENT_TARGET = 12.4;
				MTL_ENABLE_DEBUG_INFO = INCLUDE_SOURCE;
				MTL_FAST_MATH = YES;
				ONLY_ACTIVE_ARCH = YES;
				SDKROOT = iphoneos;
				SWIFT_ACTIVE_COMPILATION_CONDITIONS = DEBUG;
				SWIFT_OPTIMIZATION_LEVEL = "-Onone";
				VERSIONING_SYSTEM = "apple-generic";
				VERSION_INFO_PREFIX = "";
			};
			name = Debug;
		};
		A5881CE322FBBA9E00A3A64F /* Release */ = {
			isa = XCBuildConfiguration;
			buildSettings = {
				ALWAYS_SEARCH_USER_PATHS = NO;
				CLANG_ANALYZER_NONNULL = YES;
				CLANG_ANALYZER_NUMBER_OBJECT_CONVERSION = YES_AGGRESSIVE;
				CLANG_CXX_LANGUAGE_STANDARD = "gnu++14";
				CLANG_CXX_LIBRARY = "libc++";
				CLANG_ENABLE_MODULES = YES;
				CLANG_ENABLE_OBJC_ARC = YES;
				CLANG_ENABLE_OBJC_WEAK = YES;
				CLANG_WARN_BLOCK_CAPTURE_AUTORELEASING = YES;
				CLANG_WARN_BOOL_CONVERSION = YES;
				CLANG_WARN_COMMA = YES;
				CLANG_WARN_CONSTANT_CONVERSION = YES;
				CLANG_WARN_DEPRECATED_OBJC_IMPLEMENTATIONS = YES;
				CLANG_WARN_DIRECT_OBJC_ISA_USAGE = YES_ERROR;
				CLANG_WARN_DOCUMENTATION_COMMENTS = YES;
				CLANG_WARN_EMPTY_BODY = YES;
				CLANG_WARN_ENUM_CONVERSION = YES;
				CLANG_WARN_INFINITE_RECURSION = YES;
				CLANG_WARN_INT_CONVERSION = YES;
				CLANG_WARN_NON_LITERAL_NULL_CONVERSION = YES;
				CLANG_WARN_OBJC_IMPLICIT_RETAIN_SELF = YES;
				CLANG_WARN_OBJC_LITERAL_CONVERSION = YES;
				CLANG_WARN_OBJC_ROOT_CLASS = YES_ERROR;
				CLANG_WARN_RANGE_LOOP_ANALYSIS = YES;
				CLANG_WARN_STRICT_PROTOTYPES = YES;
				CLANG_WARN_SUSPICIOUS_MOVE = YES;
				CLANG_WARN_UNGUARDED_AVAILABILITY = YES_AGGRESSIVE;
				CLANG_WARN_UNREACHABLE_CODE = YES;
				CLANG_WARN__DUPLICATE_METHOD_MATCH = YES;
				CODE_SIGN_IDENTITY = "iPhone Developer";
				COPY_PHASE_STRIP = NO;
				CURRENT_PROJECT_VERSION = 1;
				DEBUG_INFORMATION_FORMAT = "dwarf-with-dsym";
				ENABLE_NS_ASSERTIONS = NO;
				ENABLE_STRICT_OBJC_MSGSEND = YES;
				GCC_C_LANGUAGE_STANDARD = gnu11;
				GCC_NO_COMMON_BLOCKS = YES;
				GCC_WARN_64_TO_32_BIT_CONVERSION = YES;
				GCC_WARN_ABOUT_RETURN_TYPE = YES_ERROR;
				GCC_WARN_UNDECLARED_SELECTOR = YES;
				GCC_WARN_UNINITIALIZED_AUTOS = YES_AGGRESSIVE;
				GCC_WARN_UNUSED_FUNCTION = YES;
				GCC_WARN_UNUSED_VARIABLE = YES;
				IPHONEOS_DEPLOYMENT_TARGET = 12.4;
				MTL_ENABLE_DEBUG_INFO = NO;
				MTL_FAST_MATH = YES;
				SDKROOT = iphoneos;
				SWIFT_COMPILATION_MODE = wholemodule;
				SWIFT_OPTIMIZATION_LEVEL = "-O";
				VALIDATE_PRODUCT = YES;
				VERSIONING_SYSTEM = "apple-generic";
				VERSION_INFO_PREFIX = "";
			};
			name = Release;
		};
		A5881CE522FBBA9E00A3A64F /* Debug */ = {
			isa = XCBuildConfiguration;
			baseConfigurationReference = D35AFE1170AD5189C75E5AC4 /* Pods-XYEureka.debug.xcconfig */;
			buildSettings = {
				CLANG_ENABLE_MODULES = YES;
				CODE_SIGN_IDENTITY = "";
				CODE_SIGN_STYLE = Automatic;
				DEFINES_MODULE = YES;
				DYLIB_COMPATIBILITY_VERSION = 1;
				DYLIB_CURRENT_VERSION = 1;
				DYLIB_INSTALL_NAME_BASE = "@rpath";
				FRAMEWORK_SEARCH_PATHS = (
					"$(inherited)",
					"$(PROJECT_DIR)/Carthage/Build/iOS",
				);
				INFOPLIST_FILE = "$(SRCROOT)/Sources/Info.plist";
				INSTALL_PATH = "$(LOCAL_LIBRARY_DIR)/Frameworks";
				IPHONEOS_DEPLOYMENT_TARGET = 10.0;
				LD_RUNPATH_SEARCH_PATHS = (
					"$(inherited)",
					"@executable_path/Frameworks",
					"@loader_path/Frameworks",
				);
				MARKETING_VERSION = 1.1.0;
				PRODUCT_BUNDLE_IDENTIFIER = com.RayJiang.XYEureka;
				PRODUCT_NAME = "$(TARGET_NAME:c99extidentifier)";
				SKIP_INSTALL = YES;
				SWIFT_OPTIMIZATION_LEVEL = "-Onone";
				SWIFT_VERSION = 5.0;
				TARGETED_DEVICE_FAMILY = "1,2";
			};
			name = Debug;
		};
		A5881CE622FBBA9E00A3A64F /* Release */ = {
			isa = XCBuildConfiguration;
			baseConfigurationReference = BA973E57E96FD0D4A7F42943 /* Pods-XYEureka.release.xcconfig */;
			buildSettings = {
				CLANG_ENABLE_MODULES = YES;
				CODE_SIGN_IDENTITY = "";
				CODE_SIGN_STYLE = Automatic;
				DEFINES_MODULE = YES;
				DYLIB_COMPATIBILITY_VERSION = 1;
				DYLIB_CURRENT_VERSION = 1;
				DYLIB_INSTALL_NAME_BASE = "@rpath";
				FRAMEWORK_SEARCH_PATHS = (
					"$(inherited)",
					"$(PROJECT_DIR)/Carthage/Build/iOS",
				);
				INFOPLIST_FILE = "$(SRCROOT)/Sources/Info.plist";
				INSTALL_PATH = "$(LOCAL_LIBRARY_DIR)/Frameworks";
				IPHONEOS_DEPLOYMENT_TARGET = 10.0;
				LD_RUNPATH_SEARCH_PATHS = (
					"$(inherited)",
					"@executable_path/Frameworks",
					"@loader_path/Frameworks",
				);
				MARKETING_VERSION = 1.1.0;
				PRODUCT_BUNDLE_IDENTIFIER = com.RayJiang.XYEureka;
				PRODUCT_NAME = "$(TARGET_NAME:c99extidentifier)";
				SKIP_INSTALL = YES;
				SWIFT_VERSION = 5.0;
				TARGETED_DEVICE_FAMILY = "1,2";
			};
			name = Release;
		};
		A5CA2376231379F1003E4E57 /* Debug */ = {
			isa = XCBuildConfiguration;
			baseConfigurationReference = 84CD5B9BAAB4560C220760D6 /* Pods-Example.debug.xcconfig */;
			buildSettings = {
				ALWAYS_EMBED_SWIFT_STANDARD_LIBRARIES = YES;
				ASSETCATALOG_COMPILER_APPICON_NAME = AppIcon;
				CODE_SIGN_STYLE = Automatic;
				DEVELOPMENT_TEAM = 5HZKWDU956;
				FRAMEWORK_SEARCH_PATHS = (
					"$(inherited)",
					"$(PROJECT_DIR)/Carthage/Build/iOS",
				);
				INFOPLIST_FILE = Example/Info.plist;
				IPHONEOS_DEPLOYMENT_TARGET = 10.0;
				LD_RUNPATH_SEARCH_PATHS = (
					"$(inherited)",
					"@executable_path/Frameworks",
				);
				PRODUCT_BUNDLE_IDENTIFIER = com.RayJiang.Example;
				PRODUCT_NAME = "$(TARGET_NAME)";
				SWIFT_VERSION = 5.0;
				TARGETED_DEVICE_FAMILY = "1,2";
			};
			name = Debug;
		};
		A5CA2377231379F1003E4E57 /* Release */ = {
			isa = XCBuildConfiguration;
			baseConfigurationReference = 30DCACD47A588A1231897762 /* Pods-Example.release.xcconfig */;
			buildSettings = {
				ALWAYS_EMBED_SWIFT_STANDARD_LIBRARIES = YES;
				ASSETCATALOG_COMPILER_APPICON_NAME = AppIcon;
				CODE_SIGN_STYLE = Automatic;
				DEVELOPMENT_TEAM = 5HZKWDU956;
				FRAMEWORK_SEARCH_PATHS = (
					"$(inherited)",
					"$(PROJECT_DIR)/Carthage/Build/iOS",
				);
				INFOPLIST_FILE = Example/Info.plist;
				IPHONEOS_DEPLOYMENT_TARGET = 10.0;
				LD_RUNPATH_SEARCH_PATHS = (
					"$(inherited)",
					"@executable_path/Frameworks",
				);
				PRODUCT_BUNDLE_IDENTIFIER = com.RayJiang.Example;
				PRODUCT_NAME = "$(TARGET_NAME)";
				SWIFT_VERSION = 5.0;
				TARGETED_DEVICE_FAMILY = "1,2";
			};
			name = Release;
		};
/* End XCBuildConfiguration section */

/* Begin XCConfigurationList section */
		A5881CD622FBBA9E00A3A64F /* Build configuration list for PBXProject "XYEureka" */ = {
			isa = XCConfigurationList;
			buildConfigurations = (
				A5881CE222FBBA9E00A3A64F /* Debug */,
				A5881CE322FBBA9E00A3A64F /* Release */,
			);
			defaultConfigurationIsVisible = 0;
			defaultConfigurationName = Release;
		};
		A5881CE422FBBA9E00A3A64F /* Build configuration list for PBXNativeTarget "XYEureka" */ = {
			isa = XCConfigurationList;
			buildConfigurations = (
				A5881CE522FBBA9E00A3A64F /* Debug */,
				A5881CE622FBBA9E00A3A64F /* Release */,
			);
			defaultConfigurationIsVisible = 0;
			defaultConfigurationName = Release;
		};
		A5CA2378231379F1003E4E57 /* Build configuration list for PBXNativeTarget "Example" */ = {
			isa = XCConfigurationList;
			buildConfigurations = (
				A5CA2376231379F1003E4E57 /* Debug */,
				A5CA2377231379F1003E4E57 /* Release */,
			);
			defaultConfigurationIsVisible = 0;
			defaultConfigurationName = Release;
		};
/* End XCConfigurationList section */
	};
	rootObject = A5881CD322FBBA9E00A3A64F /* Project object */;
}
